// !$*UTF8*$!
{
	archiveVersion = 1;
	classes = {
	};
	objectVersion = 56;
	objects = {

/* Begin PBXBuildFile section */
		854DF11929EAA4D40024D2F0 /* BeProductiveApp.swift in Sources */ = {isa = PBXBuildFile; fileRef = 854DF11829EAA4D40024D2F0 /* BeProductiveApp.swift */; };
		854DF11B29EAA4D40024D2F0 /* ContentView.swift in Sources */ = {isa = PBXBuildFile; fileRef = 854DF11A29EAA4D40024D2F0 /* ContentView.swift */; };
		854DF11D29EAA4D70024D2F0 /* Assets.xcassets in Resources */ = {isa = PBXBuildFile; fileRef = 854DF11C29EAA4D70024D2F0 /* Assets.xcassets */; };
		854DF12029EAA4D70024D2F0 /* Preview Assets.xcassets in Resources */ = {isa = PBXBuildFile; fileRef = 854DF11F29EAA4D70024D2F0 /* Preview Assets.xcassets */; };
		854DF12A29EAA4D70024D2F0 /* BeProductiveTests.swift in Sources */ = {isa = PBXBuildFile; fileRef = 854DF12929EAA4D70024D2F0 /* BeProductiveTests.swift */; };
		854DF13429EAA4D70024D2F0 /* BeProductiveUITests.swift in Sources */ = {isa = PBXBuildFile; fileRef = 854DF13329EAA4D70024D2F0 /* BeProductiveUITests.swift */; };
		854DF13629EAA4D70024D2F0 /* BeProductiveUITestsLaunchTests.swift in Sources */ = {isa = PBXBuildFile; fileRef = 854DF13529EAA4D70024D2F0 /* BeProductiveUITestsLaunchTests.swift */; };
		854DF14329EAA8DF0024D2F0 /* GoalsListView.swift in Sources */ = {isa = PBXBuildFile; fileRef = 854DF14229EAA8DF0024D2F0 /* GoalsListView.swift */; };
		854DF14529EAA90A0024D2F0 /* AddGoalView.swift in Sources */ = {isa = PBXBuildFile; fileRef = 854DF14429EAA90A0024D2F0 /* AddGoalView.swift */; };
		854DF14729EAA93E0024D2F0 /* GoalDetailView.swift in Sources */ = {isa = PBXBuildFile; fileRef = 854DF14629EAA93E0024D2F0 /* GoalDetailView.swift */; };
		85A937E829F765600013B212 /* HomePage.swift in Sources */ = {isa = PBXBuildFile; fileRef = 85A937E729F765600013B212 /* HomePage.swift */; };
		85A937EA29F766540013B212 /* LogIn.swift in Sources */ = {isa = PBXBuildFile; fileRef = 85A937E929F766540013B212 /* LogIn.swift */; };
		85A937EC29F766780013B212 /* Rewards.swift in Sources */ = {isa = PBXBuildFile; fileRef = 85A937EB29F766780013B212 /* Rewards.swift */; };
		85A937EE29F766950013B212 /* SelfieView.swift in Sources */ = {isa = PBXBuildFile; fileRef = 85A937ED29F766950013B212 /* SelfieView.swift */; };
		85A937F029F766A80013B212 /* SignUp.swift in Sources */ = {isa = PBXBuildFile; fileRef = 85A937EF29F766A80013B212 /* SignUp.swift */; };
		85A937F229F766CC0013B212 /* StudySessionView.swift in Sources */ = {isa = PBXBuildFile; fileRef = 85A937F129F766CC0013B212 /* StudySessionView.swift */; };
		85A937F429F766E20013B212 /* TodoView.swift in Sources */ = {isa = PBXBuildFile; fileRef = 85A937F329F766E20013B212 /* TodoView.swift */; };
/* End PBXBuildFile section */

/* Begin PBXContainerItemProxy section */
		854DF12629EAA4D70024D2F0 /* PBXContainerItemProxy */ = {
			isa = PBXContainerItemProxy;
			containerPortal = 854DF10D29EAA4D40024D2F0 /* Project object */;
			proxyType = 1;
			remoteGlobalIDString = 854DF11429EAA4D40024D2F0;
			remoteInfo = BeProductive;
		};
		854DF13029EAA4D70024D2F0 /* PBXContainerItemProxy */ = {
			isa = PBXContainerItemProxy;
			containerPortal = 854DF10D29EAA4D40024D2F0 /* Project object */;
			proxyType = 1;
			remoteGlobalIDString = 854DF11429EAA4D40024D2F0;
			remoteInfo = BeProductive;
		};
/* End PBXContainerItemProxy section */

/* Begin PBXFileReference section */
		854DF11529EAA4D40024D2F0 /* BeProductive.app */ = {isa = PBXFileReference; explicitFileType = wrapper.application; includeInIndex = 0; path = BeProductive.app; sourceTree = BUILT_PRODUCTS_DIR; };
		854DF11829EAA4D40024D2F0 /* BeProductiveApp.swift */ = {isa = PBXFileReference; lastKnownFileType = sourcecode.swift; path = BeProductiveApp.swift; sourceTree = "<group>"; };
		854DF11A29EAA4D40024D2F0 /* ContentView.swift */ = {isa = PBXFileReference; lastKnownFileType = sourcecode.swift; path = ContentView.swift; sourceTree = "<group>"; };
		854DF11C29EAA4D70024D2F0 /* Assets.xcassets */ = {isa = PBXFileReference; lastKnownFileType = folder.assetcatalog; path = Assets.xcassets; sourceTree = "<group>"; };
		854DF11F29EAA4D70024D2F0 /* Preview Assets.xcassets */ = {isa = PBXFileReference; lastKnownFileType = folder.assetcatalog; path = "Preview Assets.xcassets"; sourceTree = "<group>"; };
		854DF12529EAA4D70024D2F0 /* BeProductiveTests.xctest */ = {isa = PBXFileReference; explicitFileType = wrapper.cfbundle; includeInIndex = 0; path = BeProductiveTests.xctest; sourceTree = BUILT_PRODUCTS_DIR; };
		854DF12929EAA4D70024D2F0 /* BeProductiveTests.swift */ = {isa = PBXFileReference; lastKnownFileType = sourcecode.swift; path = BeProductiveTests.swift; sourceTree = "<group>"; };
		854DF12F29EAA4D70024D2F0 /* BeProductiveUITests.xctest */ = {isa = PBXFileReference; explicitFileType = wrapper.cfbundle; includeInIndex = 0; path = BeProductiveUITests.xctest; sourceTree = BUILT_PRODUCTS_DIR; };
		854DF13329EAA4D70024D2F0 /* BeProductiveUITests.swift */ = {isa = PBXFileReference; lastKnownFileType = sourcecode.swift; path = BeProductiveUITests.swift; sourceTree = "<group>"; };
		854DF13529EAA4D70024D2F0 /* BeProductiveUITestsLaunchTests.swift */ = {isa = PBXFileReference; lastKnownFileType = sourcecode.swift; path = BeProductiveUITestsLaunchTests.swift; sourceTree = "<group>"; };
		854DF14229EAA8DF0024D2F0 /* GoalsListView.swift */ = {isa = PBXFileReference; lastKnownFileType = sourcecode.swift; path = GoalsListView.swift; sourceTree = "<group>"; };
		854DF14429EAA90A0024D2F0 /* AddGoalView.swift */ = {isa = PBXFileReference; lastKnownFileType = sourcecode.swift; path = AddGoalView.swift; sourceTree = "<group>"; };
		854DF14629EAA93E0024D2F0 /* GoalDetailView.swift */ = {isa = PBXFileReference; lastKnownFileType = sourcecode.swift; path = GoalDetailView.swift; sourceTree = "<group>"; };
		85A937E729F765600013B212 /* HomePage.swift */ = {isa = PBXFileReference; lastKnownFileType = sourcecode.swift; path = HomePage.swift; sourceTree = "<group>"; };
		85A937E929F766540013B212 /* LogIn.swift */ = {isa = PBXFileReference; lastKnownFileType = sourcecode.swift; path = LogIn.swift; sourceTree = "<group>"; };
		85A937EB29F766780013B212 /* Rewards.swift */ = {isa = PBXFileReference; lastKnownFileType = sourcecode.swift; path = Rewards.swift; sourceTree = "<group>"; };
		85A937ED29F766950013B212 /* SelfieView.swift */ = {isa = PBXFileReference; lastKnownFileType = sourcecode.swift; path = SelfieView.swift; sourceTree = "<group>"; };
		85A937EF29F766A80013B212 /* SignUp.swift */ = {isa = PBXFileReference; lastKnownFileType = sourcecode.swift; path = SignUp.swift; sourceTree = "<group>"; };
		85A937F129F766CC0013B212 /* StudySessionView.swift */ = {isa = PBXFileReference; lastKnownFileType = sourcecode.swift; path = StudySessionView.swift; sourceTree = "<group>"; };
		85A937F329F766E20013B212 /* TodoView.swift */ = {isa = PBXFileReference; lastKnownFileType = sourcecode.swift; path = TodoView.swift; sourceTree = "<group>"; };
/* End PBXFileReference section */

/* Begin PBXFrameworksBuildPhase section */
		854DF11229EAA4D40024D2F0 /* Frameworks */ = {
			isa = PBXFrameworksBuildPhase;
			buildActionMask = 2147483647;
			files = (
			);
			runOnlyForDeploymentPostprocessing = 0;
		};
		854DF12229EAA4D70024D2F0 /* Frameworks */ = {
			isa = PBXFrameworksBuildPhase;
			buildActionMask = 2147483647;
			files = (
			);
			runOnlyForDeploymentPostprocessing = 0;
		};
		854DF12C29EAA4D70024D2F0 /* Frameworks */ = {
			isa = PBXFrameworksBuildPhase;
			buildActionMask = 2147483647;
			files = (
			);
			runOnlyForDeploymentPostprocessing = 0;
		};
/* End PBXFrameworksBuildPhase section */

/* Begin PBXGroup section */
		854DF10C29EAA4D40024D2F0 = {
			isa = PBXGroup;
			children = (
				854DF11729EAA4D40024D2F0 /* BeProductive */,
				854DF12829EAA4D70024D2F0 /* BeProductiveTests */,
				854DF13229EAA4D70024D2F0 /* BeProductiveUITests */,
				854DF11629EAA4D40024D2F0 /* Products */,
			);
			sourceTree = "<group>";
		};
		854DF11629EAA4D40024D2F0 /* Products */ = {
			isa = PBXGroup;
			children = (
				854DF11529EAA4D40024D2F0 /* BeProductive.app */,
				854DF12529EAA4D70024D2F0 /* BeProductiveTests.xctest */,
				854DF12F29EAA4D70024D2F0 /* BeProductiveUITests.xctest */,
			);
			name = Products;
			sourceTree = "<group>";
		};
		854DF11729EAA4D40024D2F0 /* BeProductive */ = {
			isa = PBXGroup;
			children = (
				854DF11829EAA4D40024D2F0 /* BeProductiveApp.swift */,
				854DF11A29EAA4D40024D2F0 /* ContentView.swift */,
				854DF14229EAA8DF0024D2F0 /* GoalsListView.swift */,
				85A937E929F766540013B212 /* LogIn.swift */,
				85A937F329F766E20013B212 /* TodoView.swift */,
				854DF14629EAA93E0024D2F0 /* GoalDetailView.swift */,
				85A937EF29F766A80013B212 /* SignUp.swift */,
				85A937F129F766CC0013B212 /* StudySessionView.swift */,
				85A937ED29F766950013B212 /* SelfieView.swift */,
				85A937EB29F766780013B212 /* Rewards.swift */,
				85A937E729F765600013B212 /* HomePage.swift */,
				854DF14429EAA90A0024D2F0 /* AddGoalView.swift */,
				854DF11C29EAA4D70024D2F0 /* Assets.xcassets */,
				854DF11E29EAA4D70024D2F0 /* Preview Content */,
			);
			path = BeProductive;
			sourceTree = "<group>";
		};
		854DF11E29EAA4D70024D2F0 /* Preview Content */ = {
			isa = PBXGroup;
			children = (
				854DF11F29EAA4D70024D2F0 /* Preview Assets.xcassets */,
			);
			path = "Preview Content";
			sourceTree = "<group>";
		};
		854DF12829EAA4D70024D2F0 /* BeProductiveTests */ = {
			isa = PBXGroup;
			children = (
				854DF12929EAA4D70024D2F0 /* BeProductiveTests.swift */,
			);
			path = BeProductiveTests;
			sourceTree = "<group>";
		};
		854DF13229EAA4D70024D2F0 /* BeProductiveUITests */ = {
			isa = PBXGroup;
			children = (
				854DF13329EAA4D70024D2F0 /* BeProductiveUITests.swift */,
				854DF13529EAA4D70024D2F0 /* BeProductiveUITestsLaunchTests.swift */,
			);
			path = BeProductiveUITests;
			sourceTree = "<group>";
		};
/* End PBXGroup section */

/* Begin PBXNativeTarget section */
		854DF11429EAA4D40024D2F0 /* BeProductive */ = {
			isa = PBXNativeTarget;
			buildConfigurationList = 854DF13929EAA4D70024D2F0 /* Build configuration list for PBXNativeTarget "BeProductive" */;
			buildPhases = (
				854DF11129EAA4D40024D2F0 /* Sources */,
				854DF11229EAA4D40024D2F0 /* Frameworks */,
				854DF11329EAA4D40024D2F0 /* Resources */,
			);
			buildRules = (
			);
			dependencies = (
			);
			name = BeProductive;
			productName = BeProductive;
			productReference = 854DF11529EAA4D40024D2F0 /* BeProductive.app */;
			productType = "com.apple.product-type.application";
		};
		854DF12429EAA4D70024D2F0 /* BeProductiveTests */ = {
			isa = PBXNativeTarget;
			buildConfigurationList = 854DF13C29EAA4D70024D2F0 /* Build configuration list for PBXNativeTarget "BeProductiveTests" */;
			buildPhases = (
				854DF12129EAA4D70024D2F0 /* Sources */,
				854DF12229EAA4D70024D2F0 /* Frameworks */,
				854DF12329EAA4D70024D2F0 /* Resources */,
			);
			buildRules = (
			);
			dependencies = (
				854DF12729EAA4D70024D2F0 /* PBXTargetDependency */,
			);
			name = BeProductiveTests;
			productName = BeProductiveTests;
			productReference = 854DF12529EAA4D70024D2F0 /* BeProductiveTests.xctest */;
			productType = "com.apple.product-type.bundle.unit-test";
		};
		854DF12E29EAA4D70024D2F0 /* BeProductiveUITests */ = {
			isa = PBXNativeTarget;
			buildConfigurationList = 854DF13F29EAA4D70024D2F0 /* Build configuration list for PBXNativeTarget "BeProductiveUITests" */;
			buildPhases = (
				854DF12B29EAA4D70024D2F0 /* Sources */,
				854DF12C29EAA4D70024D2F0 /* Frameworks */,
				854DF12D29EAA4D70024D2F0 /* Resources */,
			);
			buildRules = (
			);
			dependencies = (
				854DF13129EAA4D70024D2F0 /* PBXTargetDependency */,
			);
			name = BeProductiveUITests;
			productName = BeProductiveUITests;
			productReference = 854DF12F29EAA4D70024D2F0 /* BeProductiveUITests.xctest */;
			productType = "com.apple.product-type.bundle.ui-testing";
		};
/* End PBXNativeTarget section */

/* Begin PBXProject section */
		854DF10D29EAA4D40024D2F0 /* Project object */ = {
			isa = PBXProject;
			attributes = {
				BuildIndependentTargetsInParallel = 1;
				LastSwiftUpdateCheck = 1430;
				LastUpgradeCheck = 1430;
				TargetAttributes = {
					854DF11429EAA4D40024D2F0 = {
						CreatedOnToolsVersion = 14.3;
					};
					854DF12429EAA4D70024D2F0 = {
						CreatedOnToolsVersion = 14.3;
						TestTargetID = 854DF11429EAA4D40024D2F0;
					};
					854DF12E29EAA4D70024D2F0 = {
						CreatedOnToolsVersion = 14.3;
						TestTargetID = 854DF11429EAA4D40024D2F0;
					};
				};
			};
			buildConfigurationList = 854DF11029EAA4D40024D2F0 /* Build configuration list for PBXProject "BeProductive" */;
			compatibilityVersion = "Xcode 14.0";
			developmentRegion = en;
			hasScannedForEncodings = 0;
			knownRegions = (
				en,
				Base,
			);
			mainGroup = 854DF10C29EAA4D40024D2F0;
			productRefGroup = 854DF11629EAA4D40024D2F0 /* Products */;
			projectDirPath = "";
			projectRoot = "";
			targets = (
				854DF11429EAA4D40024D2F0 /* BeProductive */,
				854DF12429EAA4D70024D2F0 /* BeProductiveTests */,
				854DF12E29EAA4D70024D2F0 /* BeProductiveUITests */,
			);
		};
/* End PBXProject section */

/* Begin PBXResourcesBuildPhase section */
		854DF11329EAA4D40024D2F0 /* Resources */ = {
			isa = PBXResourcesBuildPhase;
			buildActionMask = 2147483647;
			files = (
				854DF12029EAA4D70024D2F0 /* Preview Assets.xcassets in Resources */,
				854DF11D29EAA4D70024D2F0 /* Assets.xcassets in Resources */,
			);
			runOnlyForDeploymentPostprocessing = 0;
		};
		854DF12329EAA4D70024D2F0 /* Resources */ = {
			isa = PBXResourcesBuildPhase;
			buildActionMask = 2147483647;
			files = (
			);
			runOnlyForDeploymentPostprocessing = 0;
		};
		854DF12D29EAA4D70024D2F0 /* Resources */ = {
			isa = PBXResourcesBuildPhase;
			buildActionMask = 2147483647;
			files = (
			);
			runOnlyForDeploymentPostprocessing = 0;
		};
/* End PBXResourcesBuildPhase section */

/* Begin PBXSourcesBuildPhase section */
		854DF11129EAA4D40024D2F0 /* Sources */ = {
			isa = PBXSourcesBuildPhase;
			buildActionMask = 2147483647;
			files = (
				85A937EE29F766950013B212 /* SelfieView.swift in Sources */,
				85A937EC29F766780013B212 /* Rewards.swift in Sources */,
				854DF11B29EAA4D40024D2F0 /* ContentView.swift in Sources */,
				854DF14729EAA93E0024D2F0 /* GoalDetailView.swift in Sources */,
				85A937E829F765600013B212 /* HomePage.swift in Sources */,
				85A937EA29F766540013B212 /* LogIn.swift in Sources */,
				85A937F429F766E20013B212 /* TodoView.swift in Sources */,
				854DF14329EAA8DF0024D2F0 /* GoalsListView.swift in Sources */,
				854DF11929EAA4D40024D2F0 /* BeProductiveApp.swift in Sources */,
				85A937F229F766CC0013B212 /* StudySessionView.swift in Sources */,
				854DF14529EAA90A0024D2F0 /* AddGoalView.swift in Sources */,
				85A937F029F766A80013B212 /* SignUp.swift in Sources */,
			);
			runOnlyForDeploymentPostprocessing = 0;
		};
		854DF12129EAA4D70024D2F0 /* Sources */ = {
			isa = PBXSourcesBuildPhase;
			buildActionMask = 2147483647;
			files = (
				854DF12A29EAA4D70024D2F0 /* BeProductiveTests.swift in Sources */,
			);
			runOnlyForDeploymentPostprocessing = 0;
		};
		854DF12B29EAA4D70024D2F0 /* Sources */ = {
			isa = PBXSourcesBuildPhase;
			buildActionMask = 2147483647;
			files = (
				854DF13629EAA4D70024D2F0 /* BeProductiveUITestsLaunchTests.swift in Sources */,
				854DF13429EAA4D70024D2F0 /* BeProductiveUITests.swift in Sources */,
			);
			runOnlyForDeploymentPostprocessing = 0;
		};
/* End PBXSourcesBuildPhase section */

/* Begin PBXTargetDependency section */
		854DF12729EAA4D70024D2F0 /* PBXTargetDependency */ = {
			isa = PBXTargetDependency;
			target = 854DF11429EAA4D40024D2F0 /* BeProductive */;
			targetProxy = 854DF12629EAA4D70024D2F0 /* PBXContainerItemProxy */;
		};
		854DF13129EAA4D70024D2F0 /* PBXTargetDependency */ = {
			isa = PBXTargetDependency;
			target = 854DF11429EAA4D40024D2F0 /* BeProductive */;
			targetProxy = 854DF13029EAA4D70024D2F0 /* PBXContainerItemProxy */;
		};
/* End PBXTargetDependency section */

/* Begin XCBuildConfiguration section */
		854DF13729EAA4D70024D2F0 /* Debug */ = {
			isa = XCBuildConfiguration;
			buildSettings = {
				ALWAYS_SEARCH_USER_PATHS = NO;
				CLANG_ANALYZER_NONNULL = YES;
				CLANG_ANALYZER_NUMBER_OBJECT_CONVERSION = YES_AGGRESSIVE;
				CLANG_CXX_LANGUAGE_STANDARD = "gnu++20";
				CLANG_ENABLE_MODULES = YES;
				CLANG_ENABLE_OBJC_ARC = YES;
				CLANG_ENABLE_OBJC_WEAK = YES;
				CLANG_WARN_BLOCK_CAPTURE_AUTORELEASING = YES;
				CLANG_WARN_BOOL_CONVERSION = YES;
				CLANG_WARN_COMMA = YES;
				CLANG_WARN_CONSTANT_CONVERSION = YES;
				CLANG_WARN_DEPRECATED_OBJC_IMPLEMENTATIONS = YES;
				CLANG_WARN_DIRECT_OBJC_ISA_USAGE = YES_ERROR;
				CLANG_WARN_DOCUMENTATION_COMMENTS = YES;
				CLANG_WARN_EMPTY_BODY = YES;
				CLANG_WARN_ENUM_CONVERSION = YES;
				CLANG_WARN_INFINITE_RECURSION = YES;
				CLANG_WARN_INT_CONVERSION = YES;
				CLANG_WARN_NON_LITERAL_NULL_CONVERSION = YES;
				CLANG_WARN_OBJC_IMPLICIT_RETAIN_SELF = YES;
				CLANG_WARN_OBJC_LITERAL_CONVERSION = YES;
				CLANG_WARN_OBJC_ROOT_CLASS = YES_ERROR;
				CLANG_WARN_QUOTED_INCLUDE_IN_FRAMEWORK_HEADER = YES;
				CLANG_WARN_RANGE_LOOP_ANALYSIS = YES;
				CLANG_WARN_STRICT_PROTOTYPES = YES;
				CLANG_WARN_SUSPICIOUS_MOVE = YES;
				CLANG_WARN_UNGUARDED_AVAILABILITY = YES_AGGRESSIVE;
				CLANG_WARN_UNREACHABLE_CODE = YES;
				CLANG_WARN__DUPLICATE_METHOD_MATCH = YES;
				COPY_PHASE_STRIP = NO;
				DEBUG_INFORMATION_FORMAT = dwarf;
				ENABLE_STRICT_OBJC_MSGSEND = YES;
				ENABLE_TESTABILITY = YES;
				GCC_C_LANGUAGE_STANDARD = gnu11;
				GCC_DYNAMIC_NO_PIC = NO;
				GCC_NO_COMMON_BLOCKS = YES;
				GCC_OPTIMIZATION_LEVEL = 0;
				GCC_PREPROCESSOR_DEFINITIONS = (
					"DEBUG=1",
					"$(inherited)",
				);
				GCC_WARN_64_TO_32_BIT_CONVERSION = YES;
				GCC_WARN_ABOUT_RETURN_TYPE = YES_ERROR;
				GCC_WARN_UNDECLARED_SELECTOR = YES;
				GCC_WARN_UNINITIALIZED_AUTOS = YES_AGGRESSIVE;
				GCC_WARN_UNUSED_FUNCTION = YES;
				GCC_WARN_UNUSED_VARIABLE = YES;
				IPHONEOS_DEPLOYMENT_TARGET = 16.4;
				MTL_ENABLE_DEBUG_INFO = INCLUDE_SOURCE;
				MTL_FAST_MATH = YES;
				ONLY_ACTIVE_ARCH = YES;
				SDKROOT = iphoneos;
				SWIFT_ACTIVE_COMPILATION_CONDITIONS = DEBUG;
				SWIFT_OPTIMIZATION_LEVEL = "-Onone";
			};
			name = Debug;
		};
		854DF13829EAA4D70024D2F0 /* Release */ = {
			isa = XCBuildConfiguration;
			buildSettings = {
				ALWAYS_SEARCH_USER_PATHS = NO;
				CLANG_ANALYZER_NONNULL = YES;
				CLANG_ANALYZER_NUMBER_OBJECT_CONVERSION = YES_AGGRESSIVE;
				CLANG_CXX_LANGUAGE_STANDARD = "gnu++20";
				CLANG_ENABLE_MODULES = YES;
				CLANG_ENABLE_OBJC_ARC = YES;
				CLANG_ENABLE_OBJC_WEAK = YES;
				CLANG_WARN_BLOCK_CAPTURE_AUTORELEASING = YES;
				CLANG_WARN_BOOL_CONVERSION = YES;
				CLANG_WARN_COMMA = YES;
				CLANG_WARN_CONSTANT_CONVERSION = YES;
				CLANG_WARN_DEPRECATED_OBJC_IMPLEMENTATIONS = YES;
				CLANG_WARN_DIRECT_OBJC_ISA_USAGE = YES_ERROR;
				CLANG_WARN_DOCUMENTATION_COMMENTS = YES;
				CLANG_WARN_EMPTY_BODY = YES;
				CLANG_WARN_ENUM_CONVERSION = YES;
				CLANG_WARN_INFINITE_RECURSION = YES;
				CLANG_WARN_INT_CONVERSION = YES;
				CLANG_WARN_NON_LITERAL_NULL_CONVERSION = YES;
				CLANG_WARN_OBJC_IMPLICIT_RETAIN_SELF = YES;
				CLANG_WARN_OBJC_LITERAL_CONVERSION = YES;
				CLANG_WARN_OBJC_ROOT_CLASS = YES_ERROR;
				CLANG_WARN_QUOTED_INCLUDE_IN_FRAMEWORK_HEADER = YES;
				CLANG_WARN_RANGE_LOOP_ANALYSIS = YES;
				CLANG_WARN_STRICT_PROTOTYPES = YES;
				CLANG_WARN_SUSPICIOUS_MOVE = YES;
				CLANG_WARN_UNGUARDED_AVAILABILITY = YES_AGGRESSIVE;
				CLANG_WARN_UNREACHABLE_CODE = YES;
				CLANG_WARN__DUPLICATE_METHOD_MATCH = YES;
				COPY_PHASE_STRIP = NO;
				DEBUG_INFORMATION_FORMAT = "dwarf-with-dsym";
				ENABLE_NS_ASSERTIONS = NO;
				ENABLE_STRICT_OBJC_MSGSEND = YES;
				GCC_C_LANGUAGE_STANDARD = gnu11;
				GCC_NO_COMMON_BLOCKS = YES;
				GCC_WARN_64_TO_32_BIT_CONVERSION = YES;
				GCC_WARN_ABOUT_RETURN_TYPE = YES_ERROR;
				GCC_WARN_UNDECLARED_SELECTOR = YES;
				GCC_WARN_UNINITIALIZED_AUTOS = YES_AGGRESSIVE;
				GCC_WARN_UNUSED_FUNCTION = YES;
				GCC_WARN_UNUSED_VARIABLE = YES;
				IPHONEOS_DEPLOYMENT_TARGET = 16.4;
				MTL_ENABLE_DEBUG_INFO = NO;
				MTL_FAST_MATH = YES;
				SDKROOT = iphoneos;
				SWIFT_COMPILATION_MODE = wholemodule;
				SWIFT_OPTIMIZATION_LEVEL = "-O";
				VALIDATE_PRODUCT = YES;
			};
			name = Release;
		};
		854DF13A29EAA4D70024D2F0 /* Debug */ = {
			isa = XCBuildConfiguration;
			buildSettings = {
				ASSETCATALOG_COMPILER_APPICON_NAME = AppIcon;
				ASSETCATALOG_COMPILER_GLOBAL_ACCENT_COLOR_NAME = AccentColor;
				CODE_SIGN_STYLE = Automatic;
				CURRENT_PROJECT_VERSION = 1;
				DEVELOPMENT_ASSET_PATHS = "\"BeProductive/Preview Content\"";
				DEVELOPMENT_TEAM = J5Y9Y5A5H2;
				ENABLE_PREVIEWS = YES;
				GENERATE_INFOPLIST_FILE = YES;
				INFOPLIST_KEY_UIApplicationSceneManifest_Generation = YES;
				INFOPLIST_KEY_UIApplicationSupportsIndirectInputEvents = YES;
				INFOPLIST_KEY_UILaunchScreen_Generation = YES;
				INFOPLIST_KEY_UISupportedInterfaceOrientations_iPad = "UIInterfaceOrientationPortrait UIInterfaceOrientationPortraitUpsideDown UIInterfaceOrientationLandscapeLeft UIInterfaceOrientationLandscapeRight";
				INFOPLIST_KEY_UISupportedInterfaceOrientations_iPhone = "UIInterfaceOrientationPortrait UIInterfaceOrientationLandscapeLeft UIInterfaceOrientationLandscapeRight";
				LD_RUNPATH_SEARCH_PATHS = (
					"$(inherited)",
					"@executable_path/Frameworks",
				);
				MARKETING_VERSION = 1.0;
				PRODUCT_BUNDLE_IDENTIFIER = Cubstart.BeProductive;
				PRODUCT_NAME = "$(TARGET_NAME)";
				SWIFT_EMIT_LOC_STRINGS = YES;
				SWIFT_VERSION = 5.0;
				TARGETED_DEVICE_FAMILY = "1,2";
			};
			name = Debug;
		};
		854DF13B29EAA4D70024D2F0 /* Release */ = {
			isa = XCBuildConfiguration;
			buildSettings = {
				ASSETCATALOG_COMPILER_APPICON_NAME = AppIcon;
				ASSETCATALOG_COMPILER_GLOBAL_ACCENT_COLOR_NAME = AccentColor;
				CODE_SIGN_STYLE = Automatic;
				CURRENT_PROJECT_VERSION = 1;
				DEVELOPMENT_ASSET_PATHS = "\"BeProductive/Preview Content\"";
				DEVELOPMENT_TEAM = J5Y9Y5A5H2;
				ENABLE_PREVIEWS = YES;
				GENERATE_INFOPLIST_FILE = YES;
				INFOPLIST_KEY_UIApplicationSceneManifest_Generation = YES;
				INFOPLIST_KEY_UIApplicationSupportsIndirectInputEvents = YES;
				INFOPLIST_KEY_UILaunchScreen_Generation = YES;
				INFOPLIST_KEY_UISupportedInterfaceOrientations_iPad = "UIInterfaceOrientationPortrait UIInterfaceOrientationPortraitUpsideDown UIInterfaceOrientationLandscapeLeft UIInterfaceOrientationLandscapeRight";
				INFOPLIST_KEY_UISupportedInterfaceOrientations_iPhone = "UIInterfaceOrientationPortrait UIInterfaceOrientationLandscapeLeft UIInterfaceOrientationLandscapeRight";
				LD_RUNPATH_SEARCH_PATHS = (
					"$(inherited)",
					"@executable_path/Frameworks",
				);
				MARKETING_VERSION = 1.0;
				PRODUCT_BUNDLE_IDENTIFIER = Cubstart.BeProductive;
				PRODUCT_NAME = "$(TARGET_NAME)";
				SWIFT_EMIT_LOC_STRINGS = YES;
				SWIFT_VERSION = 5.0;
				TARGETED_DEVICE_FAMILY = "1,2";
			};
			name = Release;
		};
		854DF13D29EAA4D70024D2F0 /* Debug */ = {
			isa = XCBuildConfiguration;
			buildSettings = {
				ALWAYS_EMBED_SWIFT_STANDARD_LIBRARIES = YES;
				BUNDLE_LOADER = "$(TEST_HOST)";
				CODE_SIGN_STYLE = Automatic;
				CURRENT_PROJECT_VERSION = 1;
				DEVELOPMENT_TEAM = J5Y9Y5A5H2;
				GENERATE_INFOPLIST_FILE = YES;
				IPHONEOS_DEPLOYMENT_TARGET = 16.4;
				MARKETING_VERSION = 1.0;
				PRODUCT_BUNDLE_IDENTIFIER = Cubstart.BeProductiveTests;
				PRODUCT_NAME = "$(TARGET_NAME)";
				SWIFT_EMIT_LOC_STRINGS = NO;
				SWIFT_VERSION = 5.0;
				TARGETED_DEVICE_FAMILY = "1,2";
				TEST_HOST = "$(BUILT_PRODUCTS_DIR)/BeProductive.app/$(BUNDLE_EXECUTABLE_FOLDER_PATH)/BeProductive";
			};
			name = Debug;
		};
		854DF13E29EAA4D70024D2F0 /* Release */ = {
			isa = XCBuildConfiguration;
			buildSettings = {
				ALWAYS_EMBED_SWIFT_STANDARD_LIBRARIES = YES;
				BUNDLE_LOADER = "$(TEST_HOST)";
				CODE_SIGN_STYLE = Automatic;
				CURRENT_PROJECT_VERSION = 1;
				DEVELOPMENT_TEAM = J5Y9Y5A5H2;
				GENERATE_INFOPLIST_FILE = YES;
				IPHONEOS_DEPLOYMENT_TARGET = 16.4;
				MARKETING_VERSION = 1.0;
				PRODUCT_BUNDLE_IDENTIFIER = Cubstart.BeProductiveTests;
				PRODUCT_NAME = "$(TARGET_NAME)";
				SWIFT_EMIT_LOC_STRINGS = NO;
				SWIFT_VERSION = 5.0;
				TARGETED_DEVICE_FAMILY = "1,2";
				TEST_HOST = "$(BUILT_PRODUCTS_DIR)/BeProductive.app/$(BUNDLE_EXECUTABLE_FOLDER_PATH)/BeProductive";
			};
			name = Release;
		};
		854DF14029EAA4D70024D2F0 /* Debug */ = {
			isa = XCBuildConfiguration;
			buildSettings = {
				ALWAYS_EMBED_SWIFT_STANDARD_LIBRARIES = YES;
				CODE_SIGN_STYLE = Automatic;
				CURRENT_PROJECT_VERSION = 1;
				DEVELOPMENT_TEAM = J5Y9Y5A5H2;
				GENERATE_INFOPLIST_FILE = YES;
				MARKETING_VERSION = 1.0;
				PRODUCT_BUNDLE_IDENTIFIER = Cubstart.BeProductiveUITests;
				PRODUCT_NAME = "$(TARGET_NAME)";
				SWIFT_EMIT_LOC_STRINGS = NO;
				SWIFT_VERSION = 5.0;
				TARGETED_DEVICE_FAMILY = "1,2";
				TEST_TARGET_NAME = BeProductive;
			};
			name = Debug;
		};
		854DF14129EAA4D70024D2F0 /* Release */ = {
			isa = XCBuildConfiguration;
			buildSettings = {
				ALWAYS_EMBED_SWIFT_STANDARD_LIBRARIES = YES;
				CODE_SIGN_STYLE = Automatic;
				CURRENT_PROJECT_VERSION = 1;
				DEVELOPMENT_TEAM = J5Y9Y5A5H2;
				GENERATE_INFOPLIST_FILE = YES;
				MARKETING_VERSION = 1.0;
				PRODUCT_BUNDLE_IDENTIFIER = Cubstart.BeProductiveUITests;
				PRODUCT_NAME = "$(TARGET_NAME)";
				SWIFT_EMIT_LOC_STRINGS = NO;
				SWIFT_VERSION = 5.0;
				TARGETED_DEVICE_FAMILY = "1,2";
				TEST_TARGET_NAME = BeProductive;
			};
			name = Release;
		};
/* End XCBuildConfiguration section */

/* Begin XCConfigurationList section */
		854DF11029EAA4D40024D2F0 /* Build configuration list for PBXProject "BeProductive" */ = {
			isa = XCConfigurationList;
			buildConfigurations = (
				854DF13729EAA4D70024D2F0 /* Debug */,
				854DF13829EAA4D70024D2F0 /* Release */,
			);
			defaultConfigurationIsVisible = 0;
			defaultConfigurationName = Release;
		};
		854DF13929EAA4D70024D2F0 /* Build configuration list for PBXNativeTarget "BeProductive" */ = {
			isa = XCConfigurationList;
			buildConfigurations = (
				854DF13A29EAA4D70024D2F0 /* Debug */,
				854DF13B29EAA4D70024D2F0 /* Release */,
			);
			defaultConfigurationIsVisible = 0;
			defaultConfigurationName = Release;
		};
		854DF13C29EAA4D70024D2F0 /* Build configuration list for PBXNativeTarget "BeProductiveTests" */ = {
			isa = XCConfigurationList;
			buildConfigurations = (
				854DF13D29EAA4D70024D2F0 /* Debug */,
				854DF13E29EAA4D70024D2F0 /* Release */,
			);
			defaultConfigurationIsVisible = 0;
			defaultConfigurationName = Release;
		};
		854DF13F29EAA4D70024D2F0 /* Build configuration list for PBXNativeTarget "BeProductiveUITests" */ = {
			isa = XCConfigurationList;
			buildConfigurations = (
				854DF14029EAA4D70024D2F0 /* Debug */,
				854DF14129EAA4D70024D2F0 /* Release */,
			);
			defaultConfigurationIsVisible = 0;
			defaultConfigurationName = Release;
		};
/* End XCConfigurationList section */
	};
	rootObject = 854DF10D29EAA4D40024D2F0 /* Project object */;
}
